
Microsoft Visual Studio Solution File, Format Version 12.00
# Visual Studio Version 17
VisualStudioVersion = 17.8.34330.188
MinimumVisualStudioVersion = 10.0.40219.1
Project("{9A19103F-16F7-4668-BE54-9A1E7A4F7556}") = "Itino.Assurance", "Itino.Assurance\Itino.Assurance.csproj", "{17274B74-0E1B-4E8D-96FD-761A25B06E07}"
EndProject
Project("{9A19103F-16F7-4668-BE54-9A1E7A4F7556}") = "Itino.Assurance.Tests", "Itino.Assurance.Tests\Itino.Assurance.Tests.csproj", "{38C2844B-595C-4E99-A425-3C90EB4B103D}"
EndProject
Global
	GlobalSection(SolutionConfigurationPlatforms) = preSolution
		Debug|Any CPU = Debug|Any CPU
		Release|Any CPU = Release|Any CPU
	EndGlobalSection
	GlobalSection(ProjectConfigurationPlatforms) = postSolution
		{17274B74-0E1B-4E8D-96FD-761A25B06E07}.Debug|Any CPU.ActiveCfg = Debug|Any CPU
		{17274B74-0E1B-4E8D-96FD-761A25B06E07}.Debug|Any CPU.Build.0 = Debug|Any CPU
		{17274B74-0E1B-4E8D-96FD-761A25B06E07}.Release|Any CPU.ActiveCfg = Release|Any CPU
		{17274B74-0E1B-4E8D-96FD-761A25B06E07}.Release|Any CPU.Build.0 = Release|Any CPU
		{38C2844B-595C-4E99-A425-3C90EB4B103D}.Debug|Any CPU.ActiveCfg = Debug|Any CPU
		{38C2844B-595C-4E99-A425-3C90EB4B103D}.Debug|Any CPU.Build.0 = Debug|Any CPU
		{38C2844B-595C-4E99-A425-3C90EB4B103D}.Release|Any CPU.ActiveCfg = Release|Any CPU
		{38C2844B-595C-4E99-A425-3C90EB4B103D}.Release|Any CPU.Build.0 = Release|Any CPU
	EndGlobalSection
	GlobalSection(SolutionProperties) = preSolution
		HideSolutionNode = FALSE
	EndGlobalSection
	GlobalSection(ExtensibilityGlobals) = postSolution
		SolutionGuid = {6862C1A9-3944-4C18-8D52-3FFCC789E1E1}
	EndGlobalSection
EndGlobal
